
Microsoft Visual Studio Solution File, Format Version 12.00
# Visual Studio Version 17
VisualStudioVersion = 17.8.34330.188
MinimumVisualStudioVersion = 10.0.40219.1
Project("{9A19103F-16F7-4668-BE54-9A1E7A4F7556}") = "RabbitMQWeb.Watermark", "RabbitMQWeb.Watermark\RabbitMQWeb.Watermark.csproj", "{6240C697-7B81-4DB2-B3DE-5AA543459253}"
EndProject
Project("{9A19103F-16F7-4668-BE54-9A1E7A4F7556}") = "RabbitMQWeb.ExcelCreate", "RabbitMQWeb.ExcelCreate\RabbitMQWeb.ExcelCreate.csproj", "{BD6B0B05-6E68-4BE9-90CE-5E09BE719FF5}"
EndProject
Project("{FAE04EC0-301F-11D3-BF4B-00C04F79EFBC}") = "Shared", "Shared\Shared.csproj", "{48B4CCB7-F582-4D64-A0B8-482D6B6B7A85}"
EndProject
Project("{FAE04EC0-301F-11D3-BF4B-00C04F79EFBC}") = "FileCreateWorkerService", "FileCreateWorkerService\FileCreateWorkerService.csproj", "{69B1E1FB-7EDF-418A-948C-136C8C1E11E5}"
EndProject
Global
	GlobalSection(SolutionConfigurationPlatforms) = preSolution
		Debug|Any CPU = Debug|Any CPU
		Release|Any CPU = Release|Any CPU
	EndGlobalSection
	GlobalSection(ProjectConfigurationPlatforms) = postSolution
		{6240C697-7B81-4DB2-B3DE-5AA543459253}.Debug|Any CPU.ActiveCfg = Debug|Any CPU
		{6240C697-7B81-4DB2-B3DE-5AA543459253}.Debug|Any CPU.Build.0 = Debug|Any CPU
		{6240C697-7B81-4DB2-B3DE-5AA543459253}.Release|Any CPU.ActiveCfg = Release|Any CPU
		{6240C697-7B81-4DB2-B3DE-5AA543459253}.Release|Any CPU.Build.0 = Release|Any CPU
		{BD6B0B05-6E68-4BE9-90CE-5E09BE719FF5}.Debug|Any CPU.ActiveCfg = Debug|Any CPU
		{BD6B0B05-6E68-4BE9-90CE-5E09BE719FF5}.Debug|Any CPU.Build.0 = Debug|Any CPU
		{BD6B0B05-6E68-4BE9-90CE-5E09BE719FF5}.Release|Any CPU.ActiveCfg = Release|Any CPU
		{BD6B0B05-6E68-4BE9-90CE-5E09BE719FF5}.Release|Any CPU.Build.0 = Release|Any CPU
		{48B4CCB7-F582-4D64-A0B8-482D6B6B7A85}.Debug|Any CPU.ActiveCfg = Debug|Any CPU
		{48B4CCB7-F582-4D64-A0B8-482D6B6B7A85}.Debug|Any CPU.Build.0 = Debug|Any CPU
		{48B4CCB7-F582-4D64-A0B8-482D6B6B7A85}.Release|Any CPU.ActiveCfg = Release|Any CPU
		{48B4CCB7-F582-4D64-A0B8-482D6B6B7A85}.Release|Any CPU.Build.0 = Release|Any CPU
		{69B1E1FB-7EDF-418A-948C-136C8C1E11E5}.Debug|Any CPU.ActiveCfg = Debug|Any CPU
		{69B1E1FB-7EDF-418A-948C-136C8C1E11E5}.Debug|Any CPU.Build.0 = Debug|Any CPU
		{69B1E1FB-7EDF-418A-948C-136C8C1E11E5}.Release|Any CPU.ActiveCfg = Release|Any CPU
		{69B1E1FB-7EDF-418A-948C-136C8C1E11E5}.Release|Any CPU.Build.0 = Release|Any CPU
	EndGlobalSection
	GlobalSection(SolutionProperties) = preSolution
		HideSolutionNode = FALSE
	EndGlobalSection
	GlobalSection(ExtensibilityGlobals) = postSolution
		SolutionGuid = {B6E22C43-ACC0-46AA-88DF-DE8D4BFDF329}
	EndGlobalSection
EndGlobal
